
Microsoft Visual Studio Solution File, Format Version 12.00
# Visual Studio Version 17
VisualStudioVersion = 17.14.36221.1 d17.14
MinimumVisualStudioVersion = 10.0.40219.1
Project("{FAE04EC0-301F-11D3-BF4B-00C04F79EFBC}") = "TabletSwitchCore", "TabletSwitchCore\TabletSwitchCore.csproj", "{368AF328-57A0-4915-A0ED-5085E695E643}"
EndProject
Project("{8BC9CEB8-8B4A-11D0-8D11-00A0C91BC942}") = "DpiHelper", "DpiHelper\DpiHelper.vcxproj", "{882D24A6-BB39-4D46-A4FF-C8621BAABD41}"
EndProject
Global
	GlobalSection(SolutionConfigurationPlatforms) = preSolution
		Debug|Any CPU = Debug|Any CPU
		Debug|ARM = Debug|ARM
		Debug|ARM64 = Debug|ARM64
		Debug|x64 = Debug|x64
		Debug|x86 = Debug|x86
		Release|Any CPU = Release|Any CPU
		Release|ARM = Release|ARM
		Release|ARM64 = Release|ARM64
		Release|x64 = Release|x64
		Release|x86 = Release|x86
	EndGlobalSection
	GlobalSection(ProjectConfigurationPlatforms) = postSolution
		{368AF328-57A0-4915-A0ED-5085E695E643}.Debug|Any CPU.ActiveCfg = Debug|Any CPU
		{368AF328-57A0-4915-A0ED-5085E695E643}.Debug|Any CPU.Build.0 = Debug|Any CPU
		{368AF328-57A0-4915-A0ED-5085E695E643}.Debug|ARM.ActiveCfg = Debug|Any CPU
		{368AF328-57A0-4915-A0ED-5085E695E643}.Debug|ARM.Build.0 = Debug|Any CPU
		{368AF328-57A0-4915-A0ED-5085E695E643}.Debug|ARM64.ActiveCfg = Debug|Any CPU
		{368AF328-57A0-4915-A0ED-5085E695E643}.Debug|ARM64.Build.0 = Debug|Any CPU
		{368AF328-57A0-4915-A0ED-5085E695E643}.Debug|x64.ActiveCfg = Debug|Any CPU
		{368AF328-57A0-4915-A0ED-5085E695E643}.Debug|x64.Build.0 = Debug|Any CPU
		{368AF328-57A0-4915-A0ED-5085E695E643}.Debug|x86.ActiveCfg = Debug|Any CPU
		{368AF328-57A0-4915-A0ED-5085E695E643}.Debug|x86.Build.0 = Debug|Any CPU
		{368AF328-57A0-4915-A0ED-5085E695E643}.Release|Any CPU.ActiveCfg = Release|Any CPU
		{368AF328-57A0-4915-A0ED-5085E695E643}.Release|Any CPU.Build.0 = Release|Any CPU
		{368AF328-57A0-4915-A0ED-5085E695E643}.Release|ARM.ActiveCfg = Release|Any CPU
		{368AF328-57A0-4915-A0ED-5085E695E643}.Release|ARM.Build.0 = Release|Any CPU
		{368AF328-57A0-4915-A0ED-5085E695E643}.Release|ARM64.ActiveCfg = Release|Any CPU
		{368AF328-57A0-4915-A0ED-5085E695E643}.Release|ARM64.Build.0 = Release|Any CPU
		{368AF328-57A0-4915-A0ED-5085E695E643}.Release|x64.ActiveCfg = Release|Any CPU
		{368AF328-57A0-4915-A0ED-5085E695E643}.Release|x64.Build.0 = Release|Any CPU
		{368AF328-57A0-4915-A0ED-5085E695E643}.Release|x86.ActiveCfg = Release|Any CPU
		{368AF328-57A0-4915-A0ED-5085E695E643}.Release|x86.Build.0 = Release|Any CPU
		{882D24A6-BB39-4D46-A4FF-C8621BAABD41}.Debug|Any CPU.ActiveCfg = Debug|x64
		{882D24A6-BB39-4D46-A4FF-C8621BAABD41}.Debug|Any CPU.Build.0 = Debug|x64
		{882D24A6-BB39-4D46-A4FF-C8621BAABD41}.Debug|ARM.ActiveCfg = Debug|x64
		{882D24A6-BB39-4D46-A4FF-C8621BAABD41}.Debug|ARM.Build.0 = Debug|x64
		{882D24A6-BB39-4D46-A4FF-C8621BAABD41}.Debug|ARM64.ActiveCfg = Debug|ARM64
		{882D24A6-BB39-4D46-A4FF-C8621BAABD41}.Debug|ARM64.Build.0 = Debug|ARM64
		{882D24A6-BB39-4D46-A4FF-C8621BAABD41}.Debug|x64.ActiveCfg = Debug|x64
		{882D24A6-BB39-4D46-A4FF-C8621BAABD41}.Debug|x64.Build.0 = Debug|x64
		{882D24A6-BB39-4D46-A4FF-C8621BAABD41}.Debug|x86.ActiveCfg = Debug|Win32
		{882D24A6-BB39-4D46-A4FF-C8621BAABD41}.Debug|x86.Build.0 = Debug|Win32
		{882D24A6-BB39-4D46-A4FF-C8621BAABD41}.Release|Any CPU.ActiveCfg = Release|x64
		{882D24A6-BB39-4D46-A4FF-C8621BAABD41}.Release|Any CPU.Build.0 = Release|x64
		{882D24A6-BB39-4D46-A4FF-C8621BAABD41}.Release|ARM.ActiveCfg = Release|x64
		{882D24A6-BB39-4D46-A4FF-C8621BAABD41}.Release|ARM.Build.0 = Release|x64
		{882D24A6-BB39-4D46-A4FF-C8621BAABD41}.Release|ARM64.ActiveCfg = Release|ARM64
		{882D24A6-BB39-4D46-A4FF-C8621BAABD41}.Release|ARM64.Build.0 = Release|ARM64
		{882D24A6-BB39-4D46-A4FF-C8621BAABD41}.Release|x64.ActiveCfg = Release|x64
		{882D24A6-BB39-4D46-A4FF-C8621BAABD41}.Release|x64.Build.0 = Release|x64
		{882D24A6-BB39-4D46-A4FF-C8621BAABD41}.Release|x86.ActiveCfg = Release|Win32
		{882D24A6-BB39-4D46-A4FF-C8621BAABD41}.Release|x86.Build.0 = Release|Win32
	EndGlobalSection
	GlobalSection(SolutionProperties) = preSolution
		HideSolutionNode = FALSE
	EndGlobalSection
	GlobalSection(ExtensibilityGlobals) = postSolution
		SolutionGuid = {2BD7CD37-A624-4787-A24E-DCE3D39D74BF}
	EndGlobalSection
EndGlobal
